// !$*UTF8*$!
{
	archiveVersion = 1;
	classes = {
	};
	objectVersion = 50;
	objects = {

/* Begin PBXBuildFile section */
		C36BE730249DCF2900B990B3 /* AppDelegate.swift in Sources */ = {isa = PBXBuildFile; fileRef = C36BE72F249DCF2900B990B3 /* AppDelegate.swift */; };
		C36BE732249DCF2900B990B3 /* SceneDelegate.swift in Sources */ = {isa = PBXBuildFile; fileRef = C36BE731249DCF2900B990B3 /* SceneDelegate.swift */; };
		C36BE735249DCF2900B990B3 /* codeTutorial_simpleCombinations1.xcdatamodeld in Sources */ = {isa = PBXBuildFile; fileRef = C36BE733249DCF2900B990B3 /* codeTutorial_simpleCombinations1.xcdatamodeld */; };
		C36BE737249DCF2900B990B3 /* ContentView.swift in Sources */ = {isa = PBXBuildFile; fileRef = C36BE736249DCF2900B990B3 /* ContentView.swift */; };
		C36BE739249DCF2D00B990B3 /* Assets.xcassets in Resources */ = {isa = PBXBuildFile; fileRef = C36BE738249DCF2D00B990B3 /* Assets.xcassets */; };
		C36BE73C249DCF2D00B990B3 /* Preview Assets.xcassets in Resources */ = {isa = PBXBuildFile; fileRef = C36BE73B249DCF2D00B990B3 /* Preview Assets.xcassets */; };
		C36BE73F249DCF2D00B990B3 /* LaunchScreen.storyboard in Resources */ = {isa = PBXBuildFile; fileRef = C36BE73D249DCF2D00B990B3 /* LaunchScreen.storyboard */; };
		C36BE74A249DCF2E00B990B3 /* codeTutorial_simpleCombinations1Tests.swift in Sources */ = {isa = PBXBuildFile; fileRef = C36BE749249DCF2E00B990B3 /* codeTutorial_simpleCombinations1Tests.swift */; };
		C36BE755249DCF2E00B990B3 /* codeTutorial_simpleCombinations1UITests.swift in Sources */ = {isa = PBXBuildFile; fileRef = C36BE754249DCF2E00B990B3 /* codeTutorial_simpleCombinations1UITests.swift */; };
/* End PBXBuildFile section */

/* Begin PBXContainerItemProxy section */
		C36BE746249DCF2E00B990B3 /* PBXContainerItemProxy */ = {
			isa = PBXContainerItemProxy;
			containerPortal = C36BE724249DCF2900B990B3 /* Project object */;
			proxyType = 1;
			remoteGlobalIDString = C36BE72B249DCF2900B990B3;
			remoteInfo = codeTutorial_simpleCombinations1;
		};
		C36BE751249DCF2E00B990B3 /* PBXContainerItemProxy */ = {
			isa = PBXContainerItemProxy;
			containerPortal = C36BE724249DCF2900B990B3 /* Project object */;
			proxyType = 1;
			remoteGlobalIDString = C36BE72B249DCF2900B990B3;
			remoteInfo = codeTutorial_simpleCombinations1;
		};
/* End PBXContainerItemProxy section */

/* Begin PBXFileReference section */
		C36BE72C249DCF2900B990B3 /* codeTutorial_simpleCombinations1.app */ = {isa = PBXFileReference; explicitFileType = wrapper.application; includeInIndex = 0; path = codeTutorial_simpleCombinations1.app; sourceTree = BUILT_PRODUCTS_DIR; };
		C36BE72F249DCF2900B990B3 /* AppDelegate.swift */ = {isa = PBXFileReference; lastKnownFileType = sourcecode.swift; path = AppDelegate.swift; sourceTree = "<group>"; };
		C36BE731249DCF2900B990B3 /* SceneDelegate.swift */ = {isa = PBXFileReference; lastKnownFileType = sourcecode.swift; path = SceneDelegate.swift; sourceTree = "<group>"; };
		C36BE734249DCF2900B990B3 /* codeTutorial_simpleCombinations1.xcdatamodel */ = {isa = PBXFileReference; lastKnownFileType = wrapper.xcdatamodel; path = codeTutorial_simpleCombinations1.xcdatamodel; sourceTree = "<group>"; };
		C36BE736249DCF2900B990B3 /* ContentView.swift */ = {isa = PBXFileReference; lastKnownFileType = sourcecode.swift; path = ContentView.swift; sourceTree = "<group>"; };
		C36BE738249DCF2D00B990B3 /* Assets.xcassets */ = {isa = PBXFileReference; lastKnownFileType = folder.assetcatalog; path = Assets.xcassets; sourceTree = "<group>"; };
		C36BE73B249DCF2D00B990B3 /* Preview Assets.xcassets */ = {isa = PBXFileReference; lastKnownFileType = folder.assetcatalog; path = "Preview Assets.xcassets"; sourceTree = "<group>"; };
		C36BE73E249DCF2D00B990B3 /* Base */ = {isa = PBXFileReference; lastKnownFileType = file.storyboard; name = Base; path = Base.lproj/LaunchScreen.storyboard; sourceTree = "<group>"; };
		C36BE740249DCF2D00B990B3 /* Info.plist */ = {isa = PBXFileReference; lastKnownFileType = text.plist.xml; path = Info.plist; sourceTree = "<group>"; };
		C36BE745249DCF2E00B990B3 /* codeTutorial_simpleCombinations1Tests.xctest */ = {isa = PBXFileReference; explicitFileType = wrapper.cfbundle; includeInIndex = 0; path = codeTutorial_simpleCombinations1Tests.xctest; sourceTree = BUILT_PRODUCTS_DIR; };
		C36BE749249DCF2E00B990B3 /* codeTutorial_simpleCombinations1Tests.swift */ = {isa = PBXFileReference; lastKnownFileType = sourcecode.swift; path = codeTutorial_simpleCombinations1Tests.swift; sourceTree = "<group>"; };
		C36BE74B249DCF2E00B990B3 /* Info.plist */ = {isa = PBXFileReference; lastKnownFileType = text.plist.xml; path = Info.plist; sourceTree = "<group>"; };
		C36BE750249DCF2E00B990B3 /* codeTutorial_simpleCombinations1UITests.xctest */ = {isa = PBXFileReference; explicitFileType = wrapper.cfbundle; includeInIndex = 0; path = codeTutorial_simpleCombinations1UITests.xctest; sourceTree = BUILT_PRODUCTS_DIR; };
		C36BE754249DCF2E00B990B3 /* codeTutorial_simpleCombinations1UITests.swift */ = {isa = PBXFileReference; lastKnownFileType = sourcecode.swift; path = codeTutorial_simpleCombinations1UITests.swift; sourceTree = "<group>"; };
		C36BE756249DCF2E00B990B3 /* Info.plist */ = {isa = PBXFileReference; lastKnownFileType = text.plist.xml; path = Info.plist; sourceTree = "<group>"; };
/* End PBXFileReference section */

/* Begin PBXFrameworksBuildPhase section */
		C36BE729249DCF2900B990B3 /* Frameworks */ = {
			isa = PBXFrameworksBuildPhase;
			buildActionMask = 2147483647;
			files = (
			);
			runOnlyForDeploymentPostprocessing = 0;
		};
		C36BE742249DCF2E00B990B3 /* Frameworks */ = {
			isa = PBXFrameworksBuildPhase;
			buildActionMask = 2147483647;
			files = (
			);
			runOnlyForDeploymentPostprocessing = 0;
		};
		C36BE74D249DCF2E00B990B3 /* Frameworks */ = {
			isa = PBXFrameworksBuildPhase;
			buildActionMask = 2147483647;
			files = (
			);
			runOnlyForDeploymentPostprocessing = 0;
		};
/* End PBXFrameworksBuildPhase section */

/* Begin PBXGroup section */
		C36BE723249DCF2900B990B3 = {
			isa = PBXGroup;
			children = (
				C36BE72E249DCF2900B990B3 /* codeTutorial_simpleCombinations1 */,
				C36BE748249DCF2E00B990B3 /* codeTutorial_simpleCombinations1Tests */,
				C36BE753249DCF2E00B990B3 /* codeTutorial_simpleCombinations1UITests */,
				C36BE72D249DCF2900B990B3 /* Products */,
			);
			sourceTree = "<group>";
		};
		C36BE72D249DCF2900B990B3 /* Products */ = {
			isa = PBXGroup;
			children = (
				C36BE72C249DCF2900B990B3 /* codeTutorial_simpleCombinations1.app */,
				C36BE745249DCF2E00B990B3 /* codeTutorial_simpleCombinations1Tests.xctest */,
				C36BE750249DCF2E00B990B3 /* codeTutorial_simpleCombinations1UITests.xctest */,
			);
			name = Products;
			sourceTree = "<group>";
		};
		C36BE72E249DCF2900B990B3 /* codeTutorial_simpleCombinations1 */ = {
			isa = PBXGroup;
			children = (
				C36BE72F249DCF2900B990B3 /* AppDelegate.swift */,
				C36BE731249DCF2900B990B3 /* SceneDelegate.swift */,
				C36BE736249DCF2900B990B3 /* ContentView.swift */,
				C36BE738249DCF2D00B990B3 /* Assets.xcassets */,
				C36BE73D249DCF2D00B990B3 /* LaunchScreen.storyboard */,
				C36BE740249DCF2D00B990B3 /* Info.plist */,
				C36BE733249DCF2900B990B3 /* codeTutorial_simpleCombinations1.xcdatamodeld */,
				C36BE73A249DCF2D00B990B3 /* Preview Content */,
			);
			path = codeTutorial_simpleCombinations1;
			sourceTree = "<group>";
		};
		C36BE73A249DCF2D00B990B3 /* Preview Content */ = {
			isa = PBXGroup;
			children = (
				C36BE73B249DCF2D00B990B3 /* Preview Assets.xcassets */,
			);
			path = "Preview Content";
			sourceTree = "<group>";
		};
		C36BE748249DCF2E00B990B3 /* codeTutorial_simpleCombinations1Tests */ = {
			isa = PBXGroup;
			children = (
				C36BE749249DCF2E00B990B3 /* codeTutorial_simpleCombinations1Tests.swift */,
				C36BE74B249DCF2E00B990B3 /* Info.plist */,
			);
			path = codeTutorial_simpleCombinations1Tests;
			sourceTree = "<group>";
		};
		C36BE753249DCF2E00B990B3 /* codeTutorial_simpleCombinations1UITests */ = {
			isa = PBXGroup;
			children = (
				C36BE754249DCF2E00B990B3 /* codeTutorial_simpleCombinations1UITests.swift */,
				C36BE756249DCF2E00B990B3 /* Info.plist */,
			);
			path = codeTutorial_simpleCombinations1UITests;
			sourceTree = "<group>";
		};
/* End PBXGroup section */

/* Begin PBXNativeTarget section */
		C36BE72B249DCF2900B990B3 /* codeTutorial_simpleCombinations1 */ = {
			isa = PBXNativeTarget;
			buildConfigurationList = C36BE759249DCF2E00B990B3 /* Build configuration list for PBXNativeTarget "codeTutorial_simpleCombinations1" */;
			buildPhases = (
				C36BE728249DCF2900B990B3 /* Sources */,
				C36BE729249DCF2900B990B3 /* Frameworks */,
				C36BE72A249DCF2900B990B3 /* Resources */,
			);
			buildRules = (
			);
			dependencies = (
			);
			name = codeTutorial_simpleCombinations1;
			productName = codeTutorial_simpleCombinations1;
			productReference = C36BE72C249DCF2900B990B3 /* codeTutorial_simpleCombinations1.app */;
			productType = "com.apple.product-type.application";
		};
		C36BE744249DCF2E00B990B3 /* codeTutorial_simpleCombinations1Tests */ = {
			isa = PBXNativeTarget;
			buildConfigurationList = C36BE75C249DCF2E00B990B3 /* Build configuration list for PBXNativeTarget "codeTutorial_simpleCombinations1Tests" */;
			buildPhases = (
				C36BE741249DCF2E00B990B3 /* Sources */,
				C36BE742249DCF2E00B990B3 /* Frameworks */,
				C36BE743249DCF2E00B990B3 /* Resources */,
			);
			buildRules = (
			);
			dependencies = (
				C36BE747249DCF2E00B990B3 /* PBXTargetDependency */,
			);
			name = codeTutorial_simpleCombinations1Tests;
			productName = codeTutorial_simpleCombinations1Tests;
			productReference = C36BE745249DCF2E00B990B3 /* codeTutorial_simpleCombinations1Tests.xctest */;
			productType = "com.apple.product-type.bundle.unit-test";
		};
		C36BE74F249DCF2E00B990B3 /* codeTutorial_simpleCombinations1UITests */ = {
			isa = PBXNativeTarget;
			buildConfigurationList = C36BE75F249DCF2E00B990B3 /* Build configuration list for PBXNativeTarget "codeTutorial_simpleCombinations1UITests" */;
			buildPhases = (
				C36BE74C249DCF2E00B990B3 /* Sources */,
				C36BE74D249DCF2E00B990B3 /* Frameworks */,
				C36BE74E249DCF2E00B990B3 /* Resources */,
			);
			buildRules = (
			);
			dependencies = (
				C36BE752249DCF2E00B990B3 /* PBXTargetDependency */,
			);
			name = codeTutorial_simpleCombinations1UITests;
			productName = codeTutorial_simpleCombinations1UITests;
			productReference = C36BE750249DCF2E00B990B3 /* codeTutorial_simpleCombinations1UITests.xctest */;
			productType = "com.apple.product-type.bundle.ui-testing";
		};
/* End PBXNativeTarget section */

/* Begin PBXProject section */
		C36BE724249DCF2900B990B3 /* Project object */ = {
			isa = PBXProject;
			attributes = {
				LastSwiftUpdateCheck = 1140;
				LastUpgradeCheck = 1140;
				ORGANIZATIONNAME = "Tyrel Jackson";
				TargetAttributes = {
					C36BE72B249DCF2900B990B3 = {
						CreatedOnToolsVersion = 11.4.1;
					};
					C36BE744249DCF2E00B990B3 = {
						CreatedOnToolsVersion = 11.4.1;
						TestTargetID = C36BE72B249DCF2900B990B3;
					};
					C36BE74F249DCF2E00B990B3 = {
						CreatedOnToolsVersion = 11.4.1;
						TestTargetID = C36BE72B249DCF2900B990B3;
					};
				};
			};
			buildConfigurationList = C36BE727249DCF2900B990B3 /* Build configuration list for PBXProject "codeTutorial_simpleCombinations1" */;
			compatibilityVersion = "Xcode 9.3";
			developmentRegion = en;
			hasScannedForEncodings = 0;
			knownRegions = (
				en,
				Base,
			);
			mainGroup = C36BE723249DCF2900B990B3;
			productRefGroup = C36BE72D249DCF2900B990B3 /* Products */;
			projectDirPath = "";
			projectRoot = "";
			targets = (
				C36BE72B249DCF2900B990B3 /* codeTutorial_simpleCombinations1 */,
				C36BE744249DCF2E00B990B3 /* codeTutorial_simpleCombinations1Tests */,
				C36BE74F249DCF2E00B990B3 /* codeTutorial_simpleCombinations1UITests */,
			);
		};
/* End PBXProject section */

/* Begin PBXResourcesBuildPhase section */
		C36BE72A249DCF2900B990B3 /* Resources */ = {
			isa = PBXResourcesBuildPhase;
			buildActionMask = 2147483647;
			files = (
				C36BE73F249DCF2D00B990B3 /* LaunchScreen.storyboard in Resources */,
				C36BE73C249DCF2D00B990B3 /* Preview Assets.xcassets in Resources */,
				C36BE739249DCF2D00B990B3 /* Assets.xcassets in Resources */,
			);
			runOnlyForDeploymentPostprocessing = 0;
		};
		C36BE743249DCF2E00B990B3 /* Resources */ = {
			isa = PBXResourcesBuildPhase;
			buildActionMask = 2147483647;
			files = (
			);
			runOnlyForDeploymentPostprocessing = 0;
		};
		C36BE74E249DCF2E00B990B3 /* Resources */ = {
			isa = PBXResourcesBuildPhase;
			buildActionMask = 2147483647;
			files = (
			);
			runOnlyForDeploymentPostprocessing = 0;
		};
/* End PBXResourcesBuildPhase section */

/* Begin PBXSourcesBuildPhase section */
		C36BE728249DCF2900B990B3 /* Sources */ = {
			isa = PBXSourcesBuildPhase;
			buildActionMask = 2147483647;
			files = (
				C36BE735249DCF2900B990B3 /* codeTutorial_simpleCombinations1.xcdatamodeld in Sources */,
				C36BE730249DCF2900B990B3 /* AppDelegate.swift in Sources */,
				C36BE737249DCF2900B990B3 /* ContentView.swift in Sources */,
				C36BE732249DCF2900B990B3 /* SceneDelegate.swift in Sources */,
			);
			runOnlyForDeploymentPostprocessing = 0;
		};
		C36BE741249DCF2E00B990B3 /* Sources */ = {
			isa = PBXSourcesBuildPhase;
			buildActionMask = 2147483647;
			files = (
				C36BE74A249DCF2E00B990B3 /* codeTutorial_simpleCombinations1Tests.swift in Sources */,
			);
			runOnlyForDeploymentPostprocessing = 0;
		};
		C36BE74C249DCF2E00B990B3 /* Sources */ = {
			isa = PBXSourcesBuildPhase;
			buildActionMask = 2147483647;
			files = (
				C36BE755249DCF2E00B990B3 /* codeTutorial_simpleCombinations1UITests.swift in Sources */,
			);
			runOnlyForDeploymentPostprocessing = 0;
		};
/* End PBXSourcesBuildPhase section */

/* Begin PBXTargetDependency section */
		C36BE747249DCF2E00B990B3 /* PBXTargetDependency */ = {
			isa = PBXTargetDependency;
			target = C36BE72B249DCF2900B990B3 /* codeTutorial_simpleCombinations1 */;
			targetProxy = C36BE746249DCF2E00B990B3 /* PBXContainerItemProxy */;
		};
		C36BE752249DCF2E00B990B3 /* PBXTargetDependency */ = {
			isa = PBXTargetDependency;
			target = C36BE72B249DCF2900B990B3 /* codeTutorial_simpleCombinations1 */;
			targetProxy = C36BE751249DCF2E00B990B3 /* PBXContainerItemProxy */;
		};
/* End PBXTargetDependency section */

/* Begin PBXVariantGroup section */
		C36BE73D249DCF2D00B990B3 /* LaunchScreen.storyboard */ = {
			isa = PBXVariantGroup;
			children = (
				C36BE73E249DCF2D00B990B3 /* Base */,
			);
			name = LaunchScreen.storyboard;
			sourceTree = "<group>";
		};
/* End PBXVariantGroup section */

/* Begin XCBuildConfiguration section */
		C36BE757249DCF2E00B990B3 /* Debug */ = {
			isa = XCBuildConfiguration;
			buildSettings = {
				ALWAYS_SEARCH_USER_PATHS = NO;
				CLANG_ANALYZER_NONNULL = YES;
				CLANG_ANALYZER_NUMBER_OBJECT_CONVERSION = YES_AGGRESSIVE;
				CLANG_CXX_LANGUAGE_STANDARD = "gnu++14";
				CLANG_CXX_LIBRARY = "libc++";
				CLANG_ENABLE_MODULES = YES;
				CLANG_ENABLE_OBJC_ARC = YES;
				CLANG_ENABLE_OBJC_WEAK = YES;
				CLANG_WARN_BLOCK_CAPTURE_AUTORELEASING = YES;
				CLANG_WARN_BOOL_CONVERSION = YES;
				CLANG_WARN_COMMA = YES;
				CLANG_WARN_CONSTANT_CONVERSION = YES;
				CLANG_WARN_DEPRECATED_OBJC_IMPLEMENTATIONS = YES;
				CLANG_WARN_DIRECT_OBJC_ISA_USAGE = YES_ERROR;
				CLANG_WARN_DOCUMENTATION_COMMENTS = YES;
				CLANG_WARN_EMPTY_BODY = YES;
				CLANG_WARN_ENUM_CONVERSION = YES;
				CLANG_WARN_INFINITE_RECURSION = YES;
				CLANG_WARN_INT_CONVERSION = YES;
				CLANG_WARN_NON_LITERAL_NULL_CONVERSION = YES;
				CLANG_WARN_OBJC_IMPLICIT_RETAIN_SELF = YES;
				CLANG_WARN_OBJC_LITERAL_CONVERSION = YES;
				CLANG_WARN_OBJC_ROOT_CLASS = YES_ERROR;
				CLANG_WARN_RANGE_LOOP_ANALYSIS = YES;
				CLANG_WARN_STRICT_PROTOTYPES = YES;
				CLANG_WARN_SUSPICIOUS_MOVE = YES;
				CLANG_WARN_UNGUARDED_AVAILABILITY = YES_AGGRESSIVE;
				CLANG_WARN_UNREACHABLE_CODE = YES;
				CLANG_WARN__DUPLICATE_METHOD_MATCH = YES;
				COPY_PHASE_STRIP = NO;
				DEBUG_INFORMATION_FORMAT = dwarf;
				ENABLE_STRICT_OBJC_MSGSEND = YES;
				ENABLE_TESTABILITY = YES;
				GCC_C_LANGUAGE_STANDARD = gnu11;
				GCC_DYNAMIC_NO_PIC = NO;
				GCC_NO_COMMON_BLOCKS = YES;
				GCC_OPTIMIZATION_LEVEL = 0;
				GCC_PREPROCESSOR_DEFINITIONS = (
					"DEBUG=1",
					"$(inherited)",
				);
				GCC_WARN_64_TO_32_BIT_CONVERSION = YES;
				GCC_WARN_ABOUT_RETURN_TYPE = YES_ERROR;
				GCC_WARN_UNDECLARED_SELECTOR = YES;
				GCC_WARN_UNINITIALIZED_AUTOS = YES_AGGRESSIVE;
				GCC_WARN_UNUSED_FUNCTION = YES;
				GCC_WARN_UNUSED_VARIABLE = YES;
				IPHONEOS_DEPLOYMENT_TARGET = 13.4;
				MTL_ENABLE_DEBUG_INFO = INCLUDE_SOURCE;
				MTL_FAST_MATH = YES;
				ONLY_ACTIVE_ARCH = YES;
				SDKROOT = iphoneos;
				SWIFT_ACTIVE_COMPILATION_CONDITIONS = DEBUG;
				SWIFT_OPTIMIZATION_LEVEL = "-Onone";
			};
			name = Debug;
		};
		C36BE758249DCF2E00B990B3 /* Release */ = {
			isa = XCBuildConfiguration;
			buildSettings = {
				ALWAYS_SEARCH_USER_PATHS = NO;
				CLANG_ANALYZER_NONNULL = YES;
				CLANG_ANALYZER_NUMBER_OBJECT_CONVERSION = YES_AGGRESSIVE;
				CLANG_CXX_LANGUAGE_STANDARD = "gnu++14";
				CLANG_CXX_LIBRARY = "libc++";
				CLANG_ENABLE_MODULES = YES;
				CLANG_ENABLE_OBJC_ARC = YES;
				CLANG_ENABLE_OBJC_WEAK = YES;
				CLANG_WARN_BLOCK_CAPTURE_AUTORELEASING = YES;
				CLANG_WARN_BOOL_CONVERSION = YES;
				CLANG_WARN_COMMA = YES;
				CLANG_WARN_CONSTANT_CONVERSION = YES;
				CLANG_WARN_DEPRECATED_OBJC_IMPLEMENTATIONS = YES;
				CLANG_WARN_DIRECT_OBJC_ISA_USAGE = YES_ERROR;
				CLANG_WARN_DOCUMENTATION_COMMENTS = YES;
				CLANG_WARN_EMPTY_BODY = YES;
				CLANG_WARN_ENUM_CONVERSION = YES;
				CLANG_WARN_INFINITE_RECURSION = YES;
				CLANG_WARN_INT_CONVERSION = YES;
				CLANG_WARN_NON_LITERAL_NULL_CONVERSION = YES;
				CLANG_WARN_OBJC_IMPLICIT_RETAIN_SELF = YES;
				CLANG_WARN_OBJC_LITERAL_CONVERSION = YES;
				CLANG_WARN_OBJC_ROOT_CLASS = YES_ERROR;
				CLANG_WARN_RANGE_LOOP_ANALYSIS = YES;
				CLANG_WARN_STRICT_PROTOTYPES = YES;
				CLANG_WARN_SUSPICIOUS_MOVE = YES;
				CLANG_WARN_UNGUARDED_AVAILABILITY = YES_AGGRESSIVE;
				CLANG_WARN_UNREACHABLE_CODE = YES;
				CLANG_WARN__DUPLICATE_METHOD_MATCH = YES;
				COPY_PHASE_STRIP = NO;
				DEBUG_INFORMATION_FORMAT = "dwarf-with-dsym";
				ENABLE_NS_ASSERTIONS = NO;
				ENABLE_STRICT_OBJC_MSGSEND = YES;
				GCC_C_LANGUAGE_STANDARD = gnu11;
				GCC_NO_COMMON_BLOCKS = YES;
				GCC_WARN_64_TO_32_BIT_CONVERSION = YES;
				GCC_WARN_ABOUT_RETURN_TYPE = YES_ERROR;
				GCC_WARN_UNDECLARED_SELECTOR = YES;
				GCC_WARN_UNINITIALIZED_AUTOS = YES_AGGRESSIVE;
				GCC_WARN_UNUSED_FUNCTION = YES;
				GCC_WARN_UNUSED_VARIABLE = YES;
				IPHONEOS_DEPLOYMENT_TARGET = 13.4;
				MTL_ENABLE_DEBUG_INFO = NO;
				MTL_FAST_MATH = YES;
				SDKROOT = iphoneos;
				SWIFT_COMPILATION_MODE = wholemodule;
				SWIFT_OPTIMIZATION_LEVEL = "-O";
				VALIDATE_PRODUCT = YES;
			};
			name = Release;
		};
		C36BE75A249DCF2E00B990B3 /* Debug */ = {
			isa = XCBuildConfiguration;
			buildSettings = {
				ASSETCATALOG_COMPILER_APPICON_NAME = AppIcon;
				CODE_SIGN_STYLE = Automatic;
				DEVELOPMENT_ASSET_PATHS = "\"codeTutorial_simpleCombinations1/Preview Content\"";
				DEVELOPMENT_TEAM = 272G37Q422;
				ENABLE_PREVIEWS = YES;
				INFOPLIST_FILE = codeTutorial_simpleCombinations1/Info.plist;
				LD_RUNPATH_SEARCH_PATHS = (
					"$(inherited)",
					"@executable_path/Frameworks",
				);
				PRODUCT_BUNDLE_IDENTIFIER = "com.tyreljackson.codeTutorial-simpleCombinations1";
				PRODUCT_NAME = "$(TARGET_NAME)";
				SWIFT_VERSION = 5.0;
				TARGETED_DEVICE_FAMILY = "1,2";
			};
			name = Debug;
		};
		C36BE75B249DCF2E00B990B3 /* Release */ = {
			isa = XCBuildConfiguration;
			buildSettings = {
				ASSETCATALOG_COMPILER_APPICON_NAME = AppIcon;
				CODE_SIGN_STYLE = Automatic;
				DEVELOPMENT_ASSET_PATHS = "\"codeTutorial_simpleCombinations1/Preview Content\"";
				DEVELOPMENT_TEAM = 272G37Q422;
				ENABLE_PREVIEWS = YES;
				INFOPLIST_FILE = codeTutorial_simpleCombinations1/Info.plist;
				LD_RUNPATH_SEARCH_PATHS = (
					"$(inherited)",
					"@executable_path/Frameworks",
				);
				PRODUCT_BUNDLE_IDENTIFIER = "com.tyreljackson.codeTutorial-simpleCombinations1";
				PRODUCT_NAME = "$(TARGET_NAME)";
				SWIFT_VERSION = 5.0;
				TARGETED_DEVICE_FAMILY = "1,2";
			};
			name = Release;
		};
		C36BE75D249DCF2E00B990B3 /* Debug */ = {
			isa = XCBuildConfiguration;
			buildSettings = {
				ALWAYS_EMBED_SWIFT_STANDARD_LIBRARIES = YES;
				BUNDLE_LOADER = "$(TEST_HOST)";
				CODE_SIGN_STYLE = Automatic;
				DEVELOPMENT_TEAM = 272G37Q422;
				INFOPLIST_FILE = codeTutorial_simpleCombinations1Tests/Info.plist;
				IPHONEOS_DEPLOYMENT_TARGET = 13.4;
				LD_RUNPATH_SEARCH_PATHS = (
					"$(inherited)",
					"@executable_path/Frameworks",
					"@loader_path/Frameworks",
				);
				PRODUCT_BUNDLE_IDENTIFIER = "com.tyreljackson.codeTutorial-simpleCombinations1Tests";
				PRODUCT_NAME = "$(TARGET_NAME)";
				SWIFT_VERSION = 5.0;
				TARGETED_DEVICE_FAMILY = "1,2";
				TEST_HOST = "$(BUILT_PRODUCTS_DIR)/codeTutorial_simpleCombinations1.app/codeTutorial_simpleCombinations1";
			};
			name = Debug;
		};
		C36BE75E249DCF2E00B990B3 /* Release */ = {
			isa = XCBuildConfiguration;
			buildSettings = {
				ALWAYS_EMBED_SWIFT_STANDARD_LIBRARIES = YES;
				BUNDLE_LOADER = "$(TEST_HOST)";
				CODE_SIGN_STYLE = Automatic;
				DEVELOPMENT_TEAM = 272G37Q422;
				INFOPLIST_FILE = codeTutorial_simpleCombinations1Tests/Info.plist;
				IPHONEOS_DEPLOYMENT_TARGET = 13.4;
				LD_RUNPATH_SEARCH_PATHS = (
					"$(inherited)",
					"@executable_path/Frameworks",
					"@loader_path/Frameworks",
				);
				PRODUCT_BUNDLE_IDENTIFIER = "com.tyreljackson.codeTutorial-simpleCombinations1Tests";
				PRODUCT_NAME = "$(TARGET_NAME)";
				SWIFT_VERSION = 5.0;
				TARGETED_DEVICE_FAMILY = "1,2";
				TEST_HOST = "$(BUILT_PRODUCTS_DIR)/codeTutorial_simpleCombinations1.app/codeTutorial_simpleCombinations1";
			};
			name = Release;
		};
		C36BE760249DCF2E00B990B3 /* Debug */ = {
			isa = XCBuildConfiguration;
			buildSettings = {
				ALWAYS_EMBED_SWIFT_STANDARD_LIBRARIES = YES;
				CODE_SIGN_STYLE = Automatic;
				DEVELOPMENT_TEAM = 272G37Q422;
				INFOPLIST_FILE = codeTutorial_simpleCombinations1UITests/Info.plist;
				LD_RUNPATH_SEARCH_PATHS = (
					"$(inherited)",
					"@executable_path/Frameworks",
					"@loader_path/Frameworks",
				);
				PRODUCT_BUNDLE_IDENTIFIER = "com.tyreljackson.codeTutorial-simpleCombinations1UITests";
				PRODUCT_NAME = "$(TARGET_NAME)";
				SWIFT_VERSION = 5.0;
				TARGETED_DEVICE_FAMILY = "1,2";
				TEST_TARGET_NAME = codeTutorial_simpleCombinations1;
			};
			name = Debug;
		};
		C36BE761249DCF2E00B990B3 /* Release */ = {
			isa = XCBuildConfiguration;
			buildSettings = {
				ALWAYS_EMBED_SWIFT_STANDARD_LIBRARIES = YES;
				CODE_SIGN_STYLE = Automatic;
				DEVELOPMENT_TEAM = 272G37Q422;
				INFOPLIST_FILE = codeTutorial_simpleCombinations1UITests/Info.plist;
				LD_RUNPATH_SEARCH_PATHS = (
					"$(inherited)",
					"@executable_path/Frameworks",
					"@loader_path/Frameworks",
				);
				PRODUCT_BUNDLE_IDENTIFIER = "com.tyreljackson.codeTutorial-simpleCombinations1UITests";
				PRODUCT_NAME = "$(TARGET_NAME)";
				SWIFT_VERSION = 5.0;
				TARGETED_DEVICE_FAMILY = "1,2";
				TEST_TARGET_NAME = codeTutorial_simpleCombinations1;
			};
			name = Release;
		};
/* End XCBuildConfiguration section */

/* Begin XCConfigurationList section */
		C36BE727249DCF2900B990B3 /* Build configuration list for PBXProject "codeTutorial_simpleCombinations1" */ = {
			isa = XCConfigurationList;
			buildConfigurations = (
				C36BE757249DCF2E00B990B3 /* Debug */,
				C36BE758249DCF2E00B990B3 /* Release */,
			);
			defaultConfigurationIsVisible = 0;
			defaultConfigurationName = Release;
		};
		C36BE759249DCF2E00B990B3 /* Build configuration list for PBXNativeTarget "codeTutorial_simpleCombinations1" */ = {
			isa = XCConfigurationList;
			buildConfigurations = (
				C36BE75A249DCF2E00B990B3 /* Debug */,
				C36BE75B249DCF2E00B990B3 /* Release */,
			);
			defaultConfigurationIsVisible = 0;
			defaultConfigurationName = Release;
		};
		C36BE75C249DCF2E00B990B3 /* Build configuration list for PBXNativeTarget "codeTutorial_simpleCombinations1Tests" */ = {
			isa = XCConfigurationList;
			buildConfigurations = (
				C36BE75D249DCF2E00B990B3 /* Debug */,
				C36BE75E249DCF2E00B990B3 /* Release */,
			);
			defaultConfigurationIsVisible = 0;
			defaultConfigurationName = Release;
		};
		C36BE75F249DCF2E00B990B3 /* Build configuration list for PBXNativeTarget "codeTutorial_simpleCombinations1UITests" */ = {
			isa = XCConfigurationList;
			buildConfigurations = (
				C36BE760249DCF2E00B990B3 /* Debug */,
				C36BE761249DCF2E00B990B3 /* Release */,
			);
			defaultConfigurationIsVisible = 0;
			defaultConfigurationName = Release;
		};
/* End XCConfigurationList section */

/* Begin XCVersionGroup section */
		C36BE733249DCF2900B990B3 /* codeTutorial_simpleCombinations1.xcdatamodeld */ = {
			isa = XCVersionGroup;
			children = (
				C36BE734249DCF2900B990B3 /* codeTutorial_simpleCombinations1.xcdatamodel */,
			);
			currentVersion = C36BE734249DCF2900B990B3 /* codeTutorial_simpleCombinations1.xcdatamodel */;
			path = codeTutorial_simpleCombinations1.xcdatamodeld;
			sourceTree = "<group>";
			versionGroupType = wrapper.xcdatamodel;
		};
/* End XCVersionGroup section */
	};
	rootObject = C36BE724249DCF2900B990B3 /* Project object */;
}
